
Microsoft Visual Studio Solution File, Format Version 12.00
# Visual Studio Version 17
VisualStudioVersion = 17.8.34511.84
MinimumVisualStudioVersion = 10.0.40219.1
Project("{FAE04EC0-301F-11D3-BF4B-00C04F79EFBC}") = "LGC-API-Nunit", "LGC-API-Nunit\LGC-API-Nunit.csproj", "{B48B3C7C-057F-4E35-889E-9814EA90FC27}"
EndProject
Global
	GlobalSection(SolutionConfigurationPlatforms) = preSolution
		Debug|Any CPU = Debug|Any CPU
		Release|Any CPU = Release|Any CPU
	EndGlobalSection
	GlobalSection(ProjectConfigurationPlatforms) = postSolution
		{B48B3C7C-057F-4E35-889E-9814EA90FC27}.Debug|Any CPU.ActiveCfg = Debug|Any CPU
		{B48B3C7C-057F-4E35-889E-9814EA90FC27}.Debug|Any CPU.Build.0 = Debug|Any CPU
		{B48B3C7C-057F-4E35-889E-9814EA90FC27}.Release|Any CPU.ActiveCfg = Release|Any CPU
		{B48B3C7C-057F-4E35-889E-9814EA90FC27}.Release|Any CPU.Build.0 = Release|Any CPU
	EndGlobalSection
	GlobalSection(SolutionProperties) = preSolution
		HideSolutionNode = FALSE
	EndGlobalSection
	GlobalSection(ExtensibilityGlobals) = postSolution
		SolutionGuid = {4A1B2390-148A-490C-AE5C-5539B1EC2523}
	EndGlobalSection
EndGlobal
